<Solution>
  <Folder Name="/.github/" />
  <Folder Name="/.github/workflows/">
    <File Path="ci.yml" />
  </Folder>
  <Folder Name="/samples/">
    <Project Path="samples/NotificationServices.Sample/NotificationServices.Sample.csproj" />
  </Folder>
  <Folder Name="/src/" />
  <Folder Name="/src/Email/">
    <Project Path="Email/NotificationServices.Email.Abstractions/NotificationServices.Email.Abstractions.csproj" />
    <Project Path="Email/NotificationServices.Email/NotificationServices.Email.csproj" />
  </Folder>
  <Folder Name="/src/Sms/">
    <Project Path="Sms/NotificationServices.Sms.Abstractions/NotificationServices.Sms.Abstractions.csproj" />
    <Project Path="Sms/NotificationServices.Sms/NotificationServices.Sms.csproj" />
  </Folder>
  <Folder Name="/Tests/">
    <Project Path="Tests/NotificationServices.Tests/NotificationServices.Tests.csproj" />
  </Folder>
</Solution>
